// !$*UTF8*$!
{
	archiveVersion = 1;
	classes = {
	};
	objectVersion = 46;
	objects = {

/* Begin PBXBuildFile section */
		4646BDE61CE4BC8E00C0979D /* AppDelegate.swift in Sources */ = {isa = PBXBuildFile; fileRef = 4646BDE51CE4BC8E00C0979D /* AppDelegate.swift */; };
		4646BDE81CE4BC8E00C0979D /* ViewController.swift in Sources */ = {isa = PBXBuildFile; fileRef = 4646BDE71CE4BC8E00C0979D /* ViewController.swift */; };
		4646BDEB1CE4BC8E00C0979D /* Main.storyboard in Resources */ = {isa = PBXBuildFile; fileRef = 4646BDE91CE4BC8E00C0979D /* Main.storyboard */; };
		4646BDED1CE4BC8E00C0979D /* Assets.xcassets in Resources */ = {isa = PBXBuildFile; fileRef = 4646BDEC1CE4BC8E00C0979D /* Assets.xcassets */; };
		4646BDF01CE4BC8E00C0979D /* LaunchScreen.storyboard in Resources */ = {isa = PBXBuildFile; fileRef = 4646BDEE1CE4BC8E00C0979D /* LaunchScreen.storyboard */; };
		4646BDFC1CE4BE2500C0979D /* SecondViewController.swift in Sources */ = {isa = PBXBuildFile; fileRef = 4646BDFB1CE4BE2500C0979D /* SecondViewController.swift */; };
		4646BDFE1CE4BE2E00C0979D /* ThirdViewController.swift in Sources */ = {isa = PBXBuildFile; fileRef = 4646BDFD1CE4BE2E00C0979D /* ThirdViewController.swift */; };
/* End PBXBuildFile section */

/* Begin PBXFileReference section */
		4646BDE21CE4BC8E00C0979D /* swiftSeque.app */ = {isa = PBXFileReference; explicitFileType = wrapper.application; includeInIndex = 0; path = swiftSeque.app; sourceTree = BUILT_PRODUCTS_DIR; };
		4646BDE51CE4BC8E00C0979D /* AppDelegate.swift */ = {isa = PBXFileReference; lastKnownFileType = sourcecode.swift; path = AppDelegate.swift; sourceTree = "<group>"; };
		4646BDE71CE4BC8E00C0979D /* ViewController.swift */ = {isa = PBXFileReference; lastKnownFileType = sourcecode.swift; path = ViewController.swift; sourceTree = "<group>"; };
		4646BDEA1CE4BC8E00C0979D /* Base */ = {isa = PBXFileReference; lastKnownFileType = file.storyboard; name = Base; path = Base.lproj/Main.storyboard; sourceTree = "<group>"; };
		4646BDEC1CE4BC8E00C0979D /* Assets.xcassets */ = {isa = PBXFileReference; lastKnownFileType = folder.assetcatalog; path = Assets.xcassets; sourceTree = "<group>"; };
		4646BDEF1CE4BC8E00C0979D /* Base */ = {isa = PBXFileReference; lastKnownFileType = file.storyboard; name = Base; path = Base.lproj/LaunchScreen.storyboard; sourceTree = "<group>"; };
		4646BDF11CE4BC8E00C0979D /* Info.plist */ = {isa = PBXFileReference; lastKnownFileType = text.plist.xml; path = Info.plist; sourceTree = "<group>"; };
		4646BDFB1CE4BE2500C0979D /* SecondViewController.swift */ = {isa = PBXFileReference; fileEncoding = 4; lastKnownFileType = sourcecode.swift; path = SecondViewController.swift; sourceTree = "<group>"; };
		4646BDFD1CE4BE2E00C0979D /* ThirdViewController.swift */ = {isa = PBXFileReference; fileEncoding = 4; lastKnownFileType = sourcecode.swift; path = ThirdViewController.swift; sourceTree = "<group>"; };
/* End PBXFileReference section */

/* Begin PBXFrameworksBuildPhase section */
		4646BDDF1CE4BC8E00C0979D /* Frameworks */ = {
			isa = PBXFrameworksBuildPhase;
			buildActionMask = 2147483647;
			files = (
			);
			runOnlyForDeploymentPostprocessing = 0;
		};
/* End PBXFrameworksBuildPhase section */

/* Begin PBXGroup section */
		4646BDD91CE4BC8E00C0979D = {
			isa = PBXGroup;
			children = (
				4646BDE41CE4BC8E00C0979D /* swiftSeque */,
				4646BDE31CE4BC8E00C0979D /* Products */,
			);
			sourceTree = "<group>";
		};
		4646BDE31CE4BC8E00C0979D /* Products */ = {
			isa = PBXGroup;
			children = (
				4646BDE21CE4BC8E00C0979D /* swiftSeque.app */,
			);
			name = Products;
			sourceTree = "<group>";
		};
		4646BDE41CE4BC8E00C0979D /* swiftSeque */ = {
			isa = PBXGroup;
			children = (
				4646BDE51CE4BC8E00C0979D /* AppDelegate.swift */,
				4646BDE71CE4BC8E00C0979D /* ViewController.swift */,
				4646BDE91CE4BC8E00C0979D /* Main.storyboard */,
				4646BDEC1CE4BC8E00C0979D /* Assets.xcassets */,
				4646BDEE1CE4BC8E00C0979D /* LaunchScreen.storyboard */,
				4646BDF11CE4BC8E00C0979D /* Info.plist */,
				4646BDFB1CE4BE2500C0979D /* SecondViewController.swift */,
				4646BDFD1CE4BE2E00C0979D /* ThirdViewController.swift */,
			);
			path = swiftSeque;
			sourceTree = "<group>";
		};
/* End PBXGroup section */

/* Begin PBXNativeTarget section */
		4646BDE11CE4BC8E00C0979D /* swiftSeque */ = {
			isa = PBXNativeTarget;
			buildConfigurationList = 4646BDF41CE4BC8E00C0979D /* Build configuration list for PBXNativeTarget "swiftSeque" */;
			buildPhases = (
				4646BDDE1CE4BC8E00C0979D /* Sources */,
				4646BDDF1CE4BC8E00C0979D /* Frameworks */,
				4646BDE01CE4BC8E00C0979D /* Resources */,
			);
			buildRules = (
			);
			dependencies = (
			);
			name = swiftSeque;
			productName = swiftSeque;
			productReference = 4646BDE21CE4BC8E00C0979D /* swiftSeque.app */;
			productType = "com.apple.product-type.application";
		};
/* End PBXNativeTarget section */

/* Begin PBXProject section */
		4646BDDA1CE4BC8E00C0979D /* Project object */ = {
			isa = PBXProject;
			attributes = {
				LastSwiftUpdateCheck = 0720;
				LastUpgradeCheck = 0720;
				ORGANIZATIONNAME = "Nitin Gohel";
				TargetAttributes = {
					4646BDE11CE4BC8E00C0979D = {
						CreatedOnToolsVersion = 7.2;
					};
				};
			};
			buildConfigurationList = 4646BDDD1CE4BC8E00C0979D /* Build configuration list for PBXProject "swiftSeque" */;
			compatibilityVersion = "Xcode 3.2";
			developmentRegion = English;
			hasScannedForEncodings = 0;
			knownRegions = (
				en,
				Base,
			);
			mainGroup = 4646BDD91CE4BC8E00C0979D;
			productRefGroup = 4646BDE31CE4BC8E00C0979D /* Products */;
			projectDirPath = "";
			projectRoot = "";
			targets = (
				4646BDE11CE4BC8E00C0979D /* swiftSeque */,
			);
		};
/* End PBXProject section */

/* Begin PBXResourcesBuildPhase section */
		4646BDE01CE4BC8E00C0979D /* Resources */ = {
			isa = PBXResourcesBuildPhase;
			buildActionMask = 2147483647;
			files = (
				4646BDF01CE4BC8E00C0979D /* LaunchScreen.storyboard in Resources */,
				4646BDED1CE4BC8E00C0979D /* Assets.xcassets in Resources */,
				4646BDEB1CE4BC8E00C0979D /* Main.storyboard in Resources */,
			);
			runOnlyForDeploymentPostprocessing = 0;
		};
/* End PBXResourcesBuildPhase section */

/* Begin PBXSourcesBuildPhase section */
		4646BDDE1CE4BC8E00C0979D /* Sources */ = {
			isa = PBXSourcesBuildPhase;
			buildActionMask = 2147483647;
			files = (
				4646BDFC1CE4BE2500C0979D /* SecondViewController.swift in Sources */,
				4646BDE81CE4BC8E00C0979D /* ViewController.swift in Sources */,
				4646BDFE1CE4BE2E00C0979D /* ThirdViewController.swift in Sources */,
				4646BDE61CE4BC8E00C0979D /* AppDelegate.swift in Sources */,
			);
			runOnlyForDeploymentPostprocessing = 0;
		};
/* End PBXSourcesBuildPhase section */

/* Begin PBXVariantGroup section */
		4646BDE91CE4BC8E00C0979D /* Main.storyboard */ = {
			isa = PBXVariantGroup;
			children = (
				4646BDEA1CE4BC8E00C0979D /* Base */,
			);
			name = Main.storyboard;
			sourceTree = "<group>";
		};
		4646BDEE1CE4BC8E00C0979D /* LaunchScreen.storyboard */ = {
			isa = PBXVariantGroup;
			children = (
				4646BDEF1CE4BC8E00C0979D /* Base */,
			);
			name = LaunchScreen.storyboard;
			sourceTree = "<group>";
		};
/* End PBXVariantGroup section */

/* Begin XCBuildConfiguration section */
		4646BDF21CE4BC8E00C0979D /* Debug */ = {
			isa = XCBuildConfiguration;
			buildSettings = {
				ALWAYS_SEARCH_USER_PATHS = NO;
				CLANG_CXX_LANGUAGE_STANDARD = "gnu++0x";
				CLANG_CXX_LIBRARY = "libc++";
				CLANG_ENABLE_MODULES = YES;
				CLANG_ENABLE_OBJC_ARC = YES;
				CLANG_WARN_BOOL_CONVERSION = YES;
				CLANG_WARN_CONSTANT_CONVERSION = YES;
				CLANG_WARN_DIRECT_OBJC_ISA_USAGE = YES_ERROR;
				CLANG_WARN_EMPTY_BODY = YES;
				CLANG_WARN_ENUM_CONVERSION = YES;
				CLANG_WARN_INT_CONVERSION = YES;
				CLANG_WARN_OBJC_ROOT_CLASS = YES_ERROR;
				CLANG_WARN_UNREACHABLE_CODE = YES;
				CLANG_WARN__DUPLICATE_METHOD_MATCH = YES;
				"CODE_SIGN_IDENTITY[sdk=iphoneos*]" = "iPhone Developer";
				COPY_PHASE_STRIP = NO;
				DEBUG_INFORMATION_FORMAT = dwarf;
				ENABLE_STRICT_OBJC_MSGSEND = YES;
				ENABLE_TESTABILITY = YES;
				GCC_C_LANGUAGE_STANDARD = gnu99;
				GCC_DYNAMIC_NO_PIC = NO;
				GCC_NO_COMMON_BLOCKS = YES;
				GCC_OPTIMIZATION_LEVEL = 0;
				GCC_PREPROCESSOR_DEFINITIONS = (
					"DEBUG=1",
					"$(inherited)",
				);
				GCC_WARN_64_TO_32_BIT_CONVERSION = YES;
				GCC_WARN_ABOUT_RETURN_TYPE = YES_ERROR;
				GCC_WARN_UNDECLARED_SELECTOR = YES;
				GCC_WARN_UNINITIALIZED_AUTOS = YES_AGGRESSIVE;
				GCC_WARN_UNUSED_FUNCTION = YES;
				GCC_WARN_UNUSED_VARIABLE = YES;
				IPHONEOS_DEPLOYMENT_TARGET = 9.2;
				MTL_ENABLE_DEBUG_INFO = YES;
				ONLY_ACTIVE_ARCH = YES;
				SDKROOT = iphoneos;
				SWIFT_OPTIMIZATION_LEVEL = "-Onone";
			};
			name = Debug;
		};
		4646BDF31CE4BC8E00C0979D /* Release */ = {
			isa = XCBuildConfiguration;
			buildSettings = {
				ALWAYS_SEARCH_USER_PATHS = NO;
				CLANG_CXX_LANGUAGE_STANDARD = "gnu++0x";
				CLANG_CXX_LIBRARY = "libc++";
				CLANG_ENABLE_MODULES = YES;
				CLANG_ENABLE_OBJC_ARC = YES;
				CLANG_WARN_BOOL_CONVERSION = YES;
				CLANG_WARN_CONSTANT_CONVERSION = YES;
				CLANG_WARN_DIRECT_OBJC_ISA_USAGE = YES_ERROR;
				CLANG_WARN_EMPTY_BODY = YES;
				CLANG_WARN_ENUM_CONVERSION = YES;
				CLANG_WARN_INT_CONVERSION = YES;
				CLANG_WARN_OBJC_ROOT_CLASS = YES_ERROR;
				CLANG_WARN_UNREACHABLE_CODE = YES;
				CLANG_WARN__DUPLICATE_METHOD_MATCH = YES;
				"CODE_SIGN_IDENTITY[sdk=iphoneos*]" = "iPhone Developer";
				COPY_PHASE_STRIP = NO;
				DEBUG_INFORMATION_FORMAT = "dwarf-with-dsym";
				ENABLE_NS_ASSERTIONS = NO;
				ENABLE_STRICT_OBJC_MSGSEND = YES;
				GCC_C_LANGUAGE_STANDARD = gnu99;
				GCC_NO_COMMON_BLOCKS = YES;
				GCC_WARN_64_TO_32_BIT_CONVERSION = YES;
				GCC_WARN_ABOUT_RETURN_TYPE = YES_ERROR;
				GCC_WARN_UNDECLARED_SELECTOR = YES;
				GCC_WARN_UNINITIALIZED_AUTOS = YES_AGGRESSIVE;
				GCC_WARN_UNUSED_FUNCTION = YES;
				GCC_WARN_UNUSED_VARIABLE = YES;
				IPHONEOS_DEPLOYMENT_TARGET = 9.2;
				MTL_ENABLE_DEBUG_INFO = NO;
				SDKROOT = iphoneos;
				VALIDATE_PRODUCT = YES;
			};
			name = Release;
		};
		4646BDF51CE4BC8E00C0979D /* Debug */ = {
			isa = XCBuildConfiguration;
			buildSettings = {
				ASSETCATALOG_COMPILER_APPICON_NAME = AppIcon;
				INFOPLIST_FILE = swiftSeque/Info.plist;
				LD_RUNPATH_SEARCH_PATHS = "$(inherited) @executable_path/Frameworks";
				PRODUCT_BUNDLE_IDENTIFIER = com.squadapp.com.swiftSeque;
				PRODUCT_NAME = "$(TARGET_NAME)";
			};
			name = Debug;
		};
		4646BDF61CE4BC8E00C0979D /* Release */ = {
			isa = XCBuildConfiguration;
			buildSettings = {
				ASSETCATALOG_COMPILER_APPICON_NAME = AppIcon;
				INFOPLIST_FILE = swiftSeque/Info.plist;
				LD_RUNPATH_SEARCH_PATHS = "$(inherited) @executable_path/Frameworks";
				PRODUCT_BUNDLE_IDENTIFIER = com.squadapp.com.swiftSeque;
				PRODUCT_NAME = "$(TARGET_NAME)";
			};
			name = Release;
		};
/* End XCBuildConfiguration section */

/* Begin XCConfigurationList section */
		4646BDDD1CE4BC8E00C0979D /* Build configuration list for PBXProject "swiftSeque" */ = {
			isa = XCConfigurationList;
			buildConfigurations = (
				4646BDF21CE4BC8E00C0979D /* Debug */,
				4646BDF31CE4BC8E00C0979D /* Release */,
			);
			defaultConfigurationIsVisible = 0;
			defaultConfigurationName = Release;
		};
		4646BDF41CE4BC8E00C0979D /* Build configuration list for PBXNativeTarget "swiftSeque" */ = {
			isa = XCConfigurationList;
			buildConfigurations = (
				4646BDF51CE4BC8E00C0979D /* Debug */,
				4646BDF61CE4BC8E00C0979D /* Release */,
			);
			defaultConfigurationIsVisible = 0;
		};
/* End XCConfigurationList section */
	};
	rootObject = 4646BDDA1CE4BC8E00C0979D /* Project object */;
}
